<Solution>
  <Configurations>
    <Platform Name="Any CPU" />
    <Platform Name="x64" />
    <Platform Name="x86" />
  </Configurations>
  <Folder Name="/api/">
    <Project Path="api/TemporalWarehouse.Api/TemporalWarehouse.Api.csproj" />
    <Project Path="api/TemporalWarehouse.Test/TemporalWarehouse.Test.csproj" />
  </Folder>
</Solution>
